{
  "name": "city_location",
  "version": "1.0.0",
  "lockfileVersion": 1,
  "requires": true,
  "dependencies": {
    "adler-32": {
      "version": "1.2.0",
      "resolved": "https://registry.npmjs.org/adler-32/-/adler-32-1.2.0.tgz",
      "integrity": "sha1-aj5r8KY5ALoVZSgIyxXGgT0aXyU=",
      "requires": {
        "exit-on-epipe": "1.0.1",
        "printj": "1.1.2"
      }
    },
    "cfb": {
      "version": "1.0.6",
      "resolved": "https://registry.npmjs.org/cfb/-/cfb-1.0.6.tgz",
      "integrity": "sha1-0BB/pXmo15xToxB0p1Wry4mAF/A=",
      "requires": {
        "commander": "2.14.1",
        "printj": "1.1.2"
      }
    },
    "codepage": {
      "version": "1.12.2",
      "resolved": "https://registry.npmjs.org/codepage/-/codepage-1.12.2.tgz",
      "integrity": "sha1-/UQkRIyL8dtdfgH57PnoNGWCoZU=",
      "requires": {
        "commander": "2.14.1",
        "exit-on-epipe": "1.0.1"
      }
    },
    "collections": {
      "version": "1.2.4",
      "resolved": "https://registry.npmjs.org/collections/-/collections-1.2.4.tgz",
      "integrity": "sha1-Pi8WRe1D188f4khAYAH6q0Ln5GM=",
      "requires": {
        "weak-map": "1.0.5"
      }
    },
    "commander": {
      "version": "2.14.1",
      "resolved": "https://registry.npmjs.org/commander/-/commander-2.14.1.tgz",
      "integrity": "sha1-IjUSPjevjKPGXfRbAm29NXsBuao="
    },
    "crc-32": {
      "version": "1.2.0",
      "resolved": "https://registry.npmjs.org/crc-32/-/crc-32-1.2.0.tgz",
      "integrity": "sha1-yy224puIUI4y2d0OwWk+e0Ghggg=",
      "requires": {
        "exit-on-epipe": "1.0.1",
        "printj": "1.1.2"
      }
    },
    "exit-on-epipe": {
      "version": "1.0.1",
      "resolved": "https://registry.npmjs.org/exit-on-epipe/-/exit-on-epipe-1.0.1.tgz",
      "integrity": "sha1-C92S6H1ShdJn2qgXHQ6wYVlolpI="
    },
    "frac": {
      "version": "1.1.2",
      "resolved": "https://registry.npmjs.org/frac/-/frac-1.1.2.tgz",
      "integrity": "sha1-PXT39keMiKG1AgMG10fcYxPHTQs="
    },
    "jszip": {
      "version": "2.5.0",
      "resolved": "https://registry.npmjs.org/jszip/-/jszip-2.5.0.tgz",
      "integrity": "sha1-dET9hVHd8+XacZj+oMkbyDCMwnQ=",
      "requires": {
        "pako": "0.2.9"
      }
    },
    "node-excel": {
      "version": "0.5.0",
      "resolved": "https://registry.npmjs.org/node-excel/-/node-excel-0.5.0.tgz",
      "integrity": "sha1-hloxcoy1/Xw1uWvxPQwTzIMhAsc=",
      "requires": {
        "collections": "1.2.4",
        "node-zip": "1.1.1"
      }
    },
    "node-xlsx": {
      "version": "0.12.0",
      "resolved": "https://registry.npmjs.org/node-xlsx/-/node-xlsx-0.12.0.tgz",
      "integrity": "sha1-agIyWtohZN+Nw+VL7PxQRaufbtE=",
      "requires": {
        "xlsx": "0.12.8"
      }
    },
    "node-zip": {
      "version": "1.1.1",
      "resolved": "https://registry.npmjs.org/node-zip/-/node-zip-1.1.1.tgz",
      "integrity": "sha1-lNGtZ0o81GoViN1zb0qaeMdX62I=",
      "requires": {
        "jszip": "2.5.0"
      }
    },
    "pako": {
      "version": "0.2.9",
      "resolved": "https://registry.npmjs.org/pako/-/pako-0.2.9.tgz",
      "integrity": "sha1-8/dSL073gjSNqBYbrZ7P1Rv4OnU="
    },
    "printj": {
      "version": "1.1.2",
      "resolved": "https://registry.npmjs.org/printj/-/printj-1.1.2.tgz",
      "integrity": "sha1-2Q3rKXWoufYA+zoclOP0xTx4oiI="
    },
    "ssf": {
      "version": "0.10.2",
      "resolved": "https://registry.npmjs.org/ssf/-/ssf-0.10.2.tgz",
      "integrity": "sha1-ZbK0/N/ZZ7yOg4OkE0kAmJMRWXY=",
      "requires": {
        "frac": "1.1.2"
      }
    },
    "weak-map": {
      "version": "1.0.5",
      "resolved": "https://registry.npmjs.org/weak-map/-/weak-map-1.0.5.tgz",
      "integrity": "sha1-eWkVhNmGB/UHC9O3CkDmuyLkAes="
    },
    "xlsx": {
      "version": "0.12.8",
      "resolved": "https://registry.npmjs.org/xlsx/-/xlsx-0.12.8.tgz",
      "integrity": "sha1-AtFqcSkAvpp1u11yPgyohWR6dt8=",
      "requires": {
        "adler-32": "1.2.0",
        "cfb": "1.0.6",
        "codepage": "1.12.2",
        "commander": "2.14.1",
        "crc-32": "1.2.0",
        "exit-on-epipe": "1.0.1",
        "ssf": "0.10.2"
      }
    }
  }
}
